{
    "_readme": [
        "This file locks the dependencies of your project to a known state",
        "Read more about it at https://getcomposer.org/doc/01-basic-usage.md#composer-lock-the-lock-file",
        "This file is @generated automatically"
    ],
    "hash": "4eb1814c38832d590763c21882bbccff",
    "content-hash": "1bb120b5e358590886db7da6433e7775",
    "packages": [
        {
            "name": "cakephp/core",
            "version": "3.6.12",
            "source": {
                "type": "git",
                "url": "https://github.com/cakephp/core.git",
                "reference": "82741aeb90ca2fbbf9fbbd507d56d53b081db237"
            },
            "dist": {
                "type": "zip",
                "url": "https://api.github.com/repos/cakephp/core/zipball/82741aeb90ca2fbbf9fbbd507d56d53b081db237",
                "reference": "82741aeb90ca2fbbf9fbbd507d56d53b081db237",
                "shasum": ""
            },
            "require": {
                "cakephp/utility": "^3.6.0",
                "php": ">=5.6.0"
            },
            "suggest": {
                "cakephp/event": "To use PluginApplicationInterface or plugin applications."
            },
            "type": "library",
            "autoload": {
                "psr-4": {
                    "Cake\\Core\\": "."
                },
                "files": [
                    "functions.php"
                ]
            },
            "notification-url": "https://packagist.org/downloads/",
            "license": [
                "MIT"
            ],
            "authors": [
                {
                    "name": "CakePHP Community",
                    "homepage": "https://github.com/cakephp/core/graphs/contributors"
                }
            ],
            "description": "CakePHP Framework Core classes",
            "homepage": "https://cakephp.org",
            "keywords": [
                "cakephp",
                "core",
                "framework"
            ],
            "time": "2018-07-26 19:56:06"
        },
        {
            "name": "cakephp/filesystem",
            "version": "3.6.12",
            "source": {
                "type": "git",
                "url": "https://github.com/cakephp/filesystem.git",
                "reference": "927694f2f09d5b744fcfc175fa514377da54d58b"
            },
            "dist": {
                "type": "zip",
                "url": "https://api.github.com/repos/cakephp/filesystem/zipball/927694f2f09d5b744fcfc175fa514377da54d58b",
                "reference": "927694f2f09d5b744fcfc175fa514377da54d58b",
                "shasum": ""
            },
            "require": {
                "cakephp/core": "^3.6.0",
                "php": ">=5.6.0"
            },
            "type": "library",
            "autoload": {
                "psr-4": {
                    "Cake\\Filesystem\\": "."
                }
            },
            "notification-url": "https://packagist.org/downloads/",
            "license": [
                "MIT"
            ],
            "authors": [
                {
                    "name": "CakePHP Community",
                    "homepage": "https://github.com/cakephp/filesystem/graphs/contributors"
                }
            ],
            "description": "CakePHP filesystem convenience classes to help you work with files and folders.",
            "homepage": "https://cakephp.org",
            "keywords": [
                "cakephp",
                "files",
                "filesystem",
                "folders"
            ],
            "time": "2018-09-17 02:26:56"
        },
        {
            "name": "cakephp/utility",
            "version": "3.6.12",
            "source": {
                "type": "git",
                "url": "https://github.com/cakephp/utility.git",
                "reference": "14b61586db830a84aedadd57be2825f40cc29e09"
            },
            "dist": {
                "type": "zip",
                "url": "https://api.github.com/repos/cakephp/utility/zipball/14b61586db830a84aedadd57be2825f40cc29e09",
                "reference": "14b61586db830a84aedadd57be2825f40cc29e09",
                "shasum": ""
            },
            "require": {
                "cakephp/core": "^3.6.0",
                "php": ">=5.6.0"
            },
            "suggest": {
                "ext-intl": "To use Text::transliterate() or Text::slug()",
                "lib-ICU": "To use Text::transliterate() or Text::slug()"
            },
            "type": "library",
            "autoload": {
                "psr-4": {
                    "Cake\\Utility\\": "."
                },
                "files": [
                    "bootstrap.php"
                ]
            },
            "notification-url": "https://packagist.org/downloads/",
            "license": [
                "MIT"
            ],
            "authors": [
                {
                    "name": "CakePHP Community",
                    "homepage": "https://github.com/cakephp/utility/graphs/contributors"
                }
            ],
            "description": "CakePHP Utility classes such as Inflector, String, Hash, and Security",
            "homepage": "https://cakephp.org",
            "keywords": [
                "cakephp",
                "hash",
                "inflector",
                "security",
                "string",
                "utility"
            ],
            "time": "2018-09-05 00:44:03"
        }
    ],
    "packages-dev": [],
    "aliases": [],
    "minimum-stability": "stable",
    "stability-flags": [],
    "prefer-stable": false,
    "prefer-lowest": false,
    "platform": [],
    "platform-dev": []
}
